// !$*UTF8*$!
{
	archiveVersion = 1;
	classes = {
	};
	objectVersion = 46;
	objects = {

/* Begin PBXBuildFile section */
		5125A7F61E6D0FDD00BEF228 /* SettingsViewController.swift in Sources */ = {isa = PBXBuildFile; fileRef = 5125A7F51E6D0FDD00BEF228 /* SettingsViewController.swift */; };
		512A7AD71E6A4C1F005BAD92 /* AppDelegate.swift in Sources */ = {isa = PBXBuildFile; fileRef = 512A7AD61E6A4C1F005BAD92 /* AppDelegate.swift */; };
		512A7AD91E6A4C1F005BAD92 /* ViewController.swift in Sources */ = {isa = PBXBuildFile; fileRef = 512A7AD81E6A4C1F005BAD92 /* ViewController.swift */; };
		512A7ADC1E6A4C1F005BAD92 /* Main.storyboard in Resources */ = {isa = PBXBuildFile; fileRef = 512A7ADA1E6A4C1F005BAD92 /* Main.storyboard */; };
		512A7ADE1E6A4C1F005BAD92 /* Assets.xcassets in Resources */ = {isa = PBXBuildFile; fileRef = 512A7ADD1E6A4C1F005BAD92 /* Assets.xcassets */; };
		512A7AE11E6A4C1F005BAD92 /* LaunchScreen.storyboard in Resources */ = {isa = PBXBuildFile; fileRef = 512A7ADF1E6A4C1F005BAD92 /* LaunchScreen.storyboard */; };
		516E71711E728256003685CC /* serene_river_170309.jpg in Resources */ = {isa = PBXBuildFile; fileRef = 516E71701E728256003685CC /* serene_river_170309.jpg */; };
/* End PBXBuildFile section */

/* Begin PBXFileReference section */
		5125A7F51E6D0FDD00BEF228 /* SettingsViewController.swift */ = {isa = PBXFileReference; fileEncoding = 4; lastKnownFileType = sourcecode.swift; path = SettingsViewController.swift; sourceTree = "<group>"; };
		512A7AD31E6A4C1F005BAD92 /* tippy_December2016.app */ = {isa = PBXFileReference; explicitFileType = wrapper.application; includeInIndex = 0; path = tippy_December2016.app; sourceTree = BUILT_PRODUCTS_DIR; };
		512A7AD61E6A4C1F005BAD92 /* AppDelegate.swift */ = {isa = PBXFileReference; lastKnownFileType = sourcecode.swift; path = AppDelegate.swift; sourceTree = "<group>"; };
		512A7AD81E6A4C1F005BAD92 /* ViewController.swift */ = {isa = PBXFileReference; lastKnownFileType = sourcecode.swift; path = ViewController.swift; sourceTree = "<group>"; };
		512A7ADB1E6A4C1F005BAD92 /* Base */ = {isa = PBXFileReference; lastKnownFileType = file.storyboard; name = Base; path = Base.lproj/Main.storyboard; sourceTree = "<group>"; };
		512A7ADD1E6A4C1F005BAD92 /* Assets.xcassets */ = {isa = PBXFileReference; lastKnownFileType = folder.assetcatalog; path = Assets.xcassets; sourceTree = "<group>"; };
		512A7AE01E6A4C1F005BAD92 /* Base */ = {isa = PBXFileReference; lastKnownFileType = file.storyboard; name = Base; path = Base.lproj/LaunchScreen.storyboard; sourceTree = "<group>"; };
		512A7AE21E6A4C1F005BAD92 /* Info.plist */ = {isa = PBXFileReference; lastKnownFileType = text.plist.xml; path = Info.plist; sourceTree = "<group>"; };
		516E71701E728256003685CC /* serene_river_170309.jpg */ = {isa = PBXFileReference; lastKnownFileType = image.jpeg; path = serene_river_170309.jpg; sourceTree = "<group>"; };
/* End PBXFileReference section */

/* Begin PBXFrameworksBuildPhase section */
		512A7AD01E6A4C1F005BAD92 /* Frameworks */ = {
			isa = PBXFrameworksBuildPhase;
			buildActionMask = 2147483647;
			files = (
			);
			runOnlyForDeploymentPostprocessing = 0;
		};
/* End PBXFrameworksBuildPhase section */

/* Begin PBXGroup section */
		512A7ACA1E6A4C1F005BAD92 = {
			isa = PBXGroup;
			children = (
				512A7AD51E6A4C1F005BAD92 /* tippy_December2016 */,
				512A7AD41E6A4C1F005BAD92 /* Products */,
			);
			sourceTree = "<group>";
		};
		512A7AD41E6A4C1F005BAD92 /* Products */ = {
			isa = PBXGroup;
			children = (
				512A7AD31E6A4C1F005BAD92 /* tippy_December2016.app */,
			);
			name = Products;
			sourceTree = "<group>";
		};
		512A7AD51E6A4C1F005BAD92 /* tippy_December2016 */ = {
			isa = PBXGroup;
			children = (
				512A7AD61E6A4C1F005BAD92 /* AppDelegate.swift */,
				512A7AD81E6A4C1F005BAD92 /* ViewController.swift */,
				512A7ADA1E6A4C1F005BAD92 /* Main.storyboard */,
				512A7ADD1E6A4C1F005BAD92 /* Assets.xcassets */,
				512A7ADF1E6A4C1F005BAD92 /* LaunchScreen.storyboard */,
				512A7AE21E6A4C1F005BAD92 /* Info.plist */,
				516E71701E728256003685CC /* serene_river_170309.jpg */,
				5125A7F51E6D0FDD00BEF228 /* SettingsViewController.swift */,
			);
			path = tippy_December2016;
			sourceTree = "<group>";
		};
/* End PBXGroup section */

/* Begin PBXNativeTarget section */
		512A7AD21E6A4C1F005BAD92 /* tippy_December2016 */ = {
			isa = PBXNativeTarget;
			buildConfigurationList = 512A7AE51E6A4C1F005BAD92 /* Build configuration list for PBXNativeTarget "tippy_December2016" */;
			buildPhases = (
				512A7ACF1E6A4C1F005BAD92 /* Sources */,
				512A7AD01E6A4C1F005BAD92 /* Frameworks */,
				512A7AD11E6A4C1F005BAD92 /* Resources */,
			);
			buildRules = (
			);
			dependencies = (
			);
			name = tippy_December2016;
			productName = tippy_December2016;
			productReference = 512A7AD31E6A4C1F005BAD92 /* tippy_December2016.app */;
			productType = "com.apple.product-type.application";
		};
/* End PBXNativeTarget section */

/* Begin PBXProject section */
		512A7ACB1E6A4C1F005BAD92 /* Project object */ = {
			isa = PBXProject;
			attributes = {
				LastSwiftUpdateCheck = 0820;
				LastUpgradeCheck = 0820;
				ORGANIZATIONNAME = jpwood;
				TargetAttributes = {
					512A7AD21E6A4C1F005BAD92 = {
						CreatedOnToolsVersion = 8.2.1;
						DevelopmentTeam = 3AESDTSALC;
						ProvisioningStyle = Automatic;
					};
				};
			};
			buildConfigurationList = 512A7ACE1E6A4C1F005BAD92 /* Build configuration list for PBXProject "tippy_December2016" */;
			compatibilityVersion = "Xcode 3.2";
			developmentRegion = English;
			hasScannedForEncodings = 0;
			knownRegions = (
				en,
				Base,
			);
			mainGroup = 512A7ACA1E6A4C1F005BAD92;
			productRefGroup = 512A7AD41E6A4C1F005BAD92 /* Products */;
			projectDirPath = "";
			projectRoot = "";
			targets = (
				512A7AD21E6A4C1F005BAD92 /* tippy_December2016 */,
			);
		};
/* End PBXProject section */

/* Begin PBXResourcesBuildPhase section */
		512A7AD11E6A4C1F005BAD92 /* Resources */ = {
			isa = PBXResourcesBuildPhase;
			buildActionMask = 2147483647;
			files = (
				512A7AE11E6A4C1F005BAD92 /* LaunchScreen.storyboard in Resources */,
				512A7ADE1E6A4C1F005BAD92 /* Assets.xcassets in Resources */,
				516E71711E728256003685CC /* serene_river_170309.jpg in Resources */,
				512A7ADC1E6A4C1F005BAD92 /* Main.storyboard in Resources */,
			);
			runOnlyForDeploymentPostprocessing = 0;
		};
/* End PBXResourcesBuildPhase section */

/* Begin PBXSourcesBuildPhase section */
		512A7ACF1E6A4C1F005BAD92 /* Sources */ = {
			isa = PBXSourcesBuildPhase;
			buildActionMask = 2147483647;
			files = (
				512A7AD91E6A4C1F005BAD92 /* ViewController.swift in Sources */,
				512A7AD71E6A4C1F005BAD92 /* AppDelegate.swift in Sources */,
				5125A7F61E6D0FDD00BEF228 /* SettingsViewController.swift in Sources */,
			);
			runOnlyForDeploymentPostprocessing = 0;
		};
/* End PBXSourcesBuildPhase section */

/* Begin PBXVariantGroup section */
		512A7ADA1E6A4C1F005BAD92 /* Main.storyboard */ = {
			isa = PBXVariantGroup;
			children = (
				512A7ADB1E6A4C1F005BAD92 /* Base */,
			);
			name = Main.storyboard;
			sourceTree = "<group>";
		};
		512A7ADF1E6A4C1F005BAD92 /* LaunchScreen.storyboard */ = {
			isa = PBXVariantGroup;
			children = (
				512A7AE01E6A4C1F005BAD92 /* Base */,
			);
			name = LaunchScreen.storyboard;
			sourceTree = "<group>";
		};
/* End PBXVariantGroup section */

/* Begin XCBuildConfiguration section */
		512A7AE31E6A4C1F005BAD92 /* Debug */ = {
			isa = XCBuildConfiguration;
			buildSettings = {
				ALWAYS_SEARCH_USER_PATHS = NO;
				CLANG_ANALYZER_NONNULL = YES;
				CLANG_CXX_LANGUAGE_STANDARD = "gnu++0x";
				CLANG_CXX_LIBRARY = "libc++";
				CLANG_ENABLE_MODULES = YES;
				CLANG_ENABLE_OBJC_ARC = YES;
				CLANG_WARN_BOOL_CONVERSION = YES;
				CLANG_WARN_CONSTANT_CONVERSION = YES;
				CLANG_WARN_DIRECT_OBJC_ISA_USAGE = YES_ERROR;
				CLANG_WARN_DOCUMENTATION_COMMENTS = YES;
				CLANG_WARN_EMPTY_BODY = YES;
				CLANG_WARN_ENUM_CONVERSION = YES;
				CLANG_WARN_INFINITE_RECURSION = YES;
				CLANG_WARN_INT_CONVERSION = YES;
				CLANG_WARN_OBJC_ROOT_CLASS = YES_ERROR;
				CLANG_WARN_SUSPICIOUS_MOVE = YES;
				CLANG_WARN_UNREACHABLE_CODE = YES;
				CLANG_WARN__DUPLICATE_METHOD_MATCH = YES;
				"CODE_SIGN_IDENTITY[sdk=iphoneos*]" = "iPhone Developer";
				COPY_PHASE_STRIP = NO;
				DEBUG_INFORMATION_FORMAT = dwarf;
				ENABLE_STRICT_OBJC_MSGSEND = YES;
				ENABLE_TESTABILITY = YES;
				GCC_C_LANGUAGE_STANDARD = gnu99;
				GCC_DYNAMIC_NO_PIC = NO;
				GCC_NO_COMMON_BLOCKS = YES;
				GCC_OPTIMIZATION_LEVEL = 0;
				GCC_PREPROCESSOR_DEFINITIONS = (
					"DEBUG=1",
					"$(inherited)",
				);
				GCC_WARN_64_TO_32_BIT_CONVERSION = YES;
				GCC_WARN_ABOUT_RETURN_TYPE = YES_ERROR;
				GCC_WARN_UNDECLARED_SELECTOR = YES;
				GCC_WARN_UNINITIALIZED_AUTOS = YES_AGGRESSIVE;
				GCC_WARN_UNUSED_FUNCTION = YES;
				GCC_WARN_UNUSED_VARIABLE = YES;
				IPHONEOS_DEPLOYMENT_TARGET = 10.2;
				MTL_ENABLE_DEBUG_INFO = YES;
				ONLY_ACTIVE_ARCH = YES;
				SDKROOT = iphoneos;
				SWIFT_ACTIVE_COMPILATION_CONDITIONS = DEBUG;
				SWIFT_OPTIMIZATION_LEVEL = "-Onone";
			};
			name = Debug;
		};
		512A7AE41E6A4C1F005BAD92 /* Release */ = {
			isa = XCBuildConfiguration;
			buildSettings = {
				ALWAYS_SEARCH_USER_PATHS = NO;
				CLANG_ANALYZER_NONNULL = YES;
				CLANG_CXX_LANGUAGE_STANDARD = "gnu++0x";
				CLANG_CXX_LIBRARY = "libc++";
				CLANG_ENABLE_MODULES = YES;
				CLANG_ENABLE_OBJC_ARC = YES;
				CLANG_WARN_BOOL_CONVERSION = YES;
				CLANG_WARN_CONSTANT_CONVERSION = YES;
				CLANG_WARN_DIRECT_OBJC_ISA_USAGE = YES_ERROR;
				CLANG_WARN_DOCUMENTATION_COMMENTS = YES;
				CLANG_WARN_EMPTY_BODY = YES;
				CLANG_WARN_ENUM_CONVERSION = YES;
				CLANG_WARN_INFINITE_RECURSION = YES;
				CLANG_WARN_INT_CONVERSION = YES;
				CLANG_WARN_OBJC_ROOT_CLASS = YES_ERROR;
				CLANG_WARN_SUSPICIOUS_MOVE = YES;
				CLANG_WARN_UNREACHABLE_CODE = YES;
				CLANG_WARN__DUPLICATE_METHOD_MATCH = YES;
				"CODE_SIGN_IDENTITY[sdk=iphoneos*]" = "iPhone Developer";
				COPY_PHASE_STRIP = NO;
				DEBUG_INFORMATION_FORMAT = "dwarf-with-dsym";
				ENABLE_NS_ASSERTIONS = NO;
				ENABLE_STRICT_OBJC_MSGSEND = YES;
				GCC_C_LANGUAGE_STANDARD = gnu99;
				GCC_NO_COMMON_BLOCKS = YES;
				GCC_WARN_64_TO_32_BIT_CONVERSION = YES;
				GCC_WARN_ABOUT_RETURN_TYPE = YES_ERROR;
				GCC_WARN_UNDECLARED_SELECTOR = YES;
				GCC_WARN_UNINITIALIZED_AUTOS = YES_AGGRESSIVE;
				GCC_WARN_UNUSED_FUNCTION = YES;
				GCC_WARN_UNUSED_VARIABLE = YES;
				IPHONEOS_DEPLOYMENT_TARGET = 10.2;
				MTL_ENABLE_DEBUG_INFO = NO;
				SDKROOT = iphoneos;
				SWIFT_OPTIMIZATION_LEVEL = "-Owholemodule";
				VALIDATE_PRODUCT = YES;
			};
			name = Release;
		};
		512A7AE61E6A4C1F005BAD92 /* Debug */ = {
			isa = XCBuildConfiguration;
			buildSettings = {
				ASSETCATALOG_COMPILER_APPICON_NAME = AppIcon;
				DEVELOPMENT_TEAM = 3AESDTSALC;
				INFOPLIST_FILE = tippy_December2016/Info.plist;
				LD_RUNPATH_SEARCH_PATHS = "$(inherited) @executable_path/Frameworks";
				PRODUCT_BUNDLE_IDENTIFIER = "com.wes.tippy-December2016";
				PRODUCT_NAME = "$(TARGET_NAME)";
				SWIFT_VERSION = 3.0;
			};
			name = Debug;
		};
		512A7AE71E6A4C1F005BAD92 /* Release */ = {
			isa = XCBuildConfiguration;
			buildSettings = {
				ASSETCATALOG_COMPILER_APPICON_NAME = AppIcon;
				DEVELOPMENT_TEAM = 3AESDTSALC;
				INFOPLIST_FILE = tippy_December2016/Info.plist;
				LD_RUNPATH_SEARCH_PATHS = "$(inherited) @executable_path/Frameworks";
				PRODUCT_BUNDLE_IDENTIFIER = "com.wes.tippy-December2016";
				PRODUCT_NAME = "$(TARGET_NAME)";
				SWIFT_VERSION = 3.0;
			};
			name = Release;
		};
/* End XCBuildConfiguration section */

/* Begin XCConfigurationList section */
		512A7ACE1E6A4C1F005BAD92 /* Build configuration list for PBXProject "tippy_December2016" */ = {
			isa = XCConfigurationList;
			buildConfigurations = (
				512A7AE31E6A4C1F005BAD92 /* Debug */,
				512A7AE41E6A4C1F005BAD92 /* Release */,
			);
			defaultConfigurationIsVisible = 0;
			defaultConfigurationName = Release;
		};
		512A7AE51E6A4C1F005BAD92 /* Build configuration list for PBXNativeTarget "tippy_December2016" */ = {
			isa = XCConfigurationList;
			buildConfigurations = (
				512A7AE61E6A4C1F005BAD92 /* Debug */,
				512A7AE71E6A4C1F005BAD92 /* Release */,
			);
			defaultConfigurationIsVisible = 0;
			defaultConfigurationName = Release;
		};
/* End XCConfigurationList section */
	};
	rootObject = 512A7ACB1E6A4C1F005BAD92 /* Project object */;
}
